
Microsoft Visual Studio Solution File, Format Version 12.00
# Visual Studio Version 17
VisualStudioVersion = 17.7.34031.279
MinimumVisualStudioVersion = 10.0.40219.1
Project("{FAE04EC0-301F-11D3-BF4B-00C04F79EFBC}") = "Func3", "Func3.csproj", "{06D63A8B-159A-47BC-ACA6-0C6C3B379F1E}"
EndProject
Global
	GlobalSection(SolutionConfigurationPlatforms) = preSolution
		Debug|Any CPU = Debug|Any CPU
		Release|Any CPU = Release|Any CPU
	EndGlobalSection
	GlobalSection(ProjectConfigurationPlatforms) = postSolution
		{06D63A8B-159A-47BC-ACA6-0C6C3B379F1E}.Debug|Any CPU.ActiveCfg = Debug|Any CPU
		{06D63A8B-159A-47BC-ACA6-0C6C3B379F1E}.Debug|Any CPU.Build.0 = Debug|Any CPU
		{06D63A8B-159A-47BC-ACA6-0C6C3B379F1E}.Release|Any CPU.ActiveCfg = Release|Any CPU
		{06D63A8B-159A-47BC-ACA6-0C6C3B379F1E}.Release|Any CPU.Build.0 = Release|Any CPU
	EndGlobalSection
	GlobalSection(SolutionProperties) = preSolution
		HideSolutionNode = FALSE
	EndGlobalSection
	GlobalSection(ExtensibilityGlobals) = postSolution
		SolutionGuid = {AB0C4E38-91C9-4857-A98D-C0CA03727D2F}
	EndGlobalSection
EndGlobal
