
Microsoft Visual Studio Solution File, Format Version 12.00
# Visual Studio Version 17
VisualStudioVersion = 17.6.33829.357
MinimumVisualStudioVersion = 10.0.40219.1
Project("{FAE04EC0-301F-11D3-BF4B-00C04F79EFBC}") = "Ficheiros0", "Ficheiros0.csproj", "{6A26F0F8-F10A-4996-9D39-FC5EB12EE000}"
EndProject
Global
	GlobalSection(SolutionConfigurationPlatforms) = preSolution
		Debug|Any CPU = Debug|Any CPU
		Release|Any CPU = Release|Any CPU
	EndGlobalSection
	GlobalSection(ProjectConfigurationPlatforms) = postSolution
		{6A26F0F8-F10A-4996-9D39-FC5EB12EE000}.Debug|Any CPU.ActiveCfg = Debug|Any CPU
		{6A26F0F8-F10A-4996-9D39-FC5EB12EE000}.Debug|Any CPU.Build.0 = Debug|Any CPU
		{6A26F0F8-F10A-4996-9D39-FC5EB12EE000}.Release|Any CPU.ActiveCfg = Release|Any CPU
		{6A26F0F8-F10A-4996-9D39-FC5EB12EE000}.Release|Any CPU.Build.0 = Release|Any CPU
	EndGlobalSection
	GlobalSection(SolutionProperties) = preSolution
		HideSolutionNode = FALSE
	EndGlobalSection
	GlobalSection(ExtensibilityGlobals) = postSolution
		SolutionGuid = {2C4EC601-942A-496A-A36D-BC7C57FB6546}
	EndGlobalSection
EndGlobal
