
Microsoft Visual Studio Solution File, Format Version 12.00
# Visual Studio Version 17
VisualStudioVersion = 17.7.34031.279
MinimumVisualStudioVersion = 10.0.40219.1
Project("{FAE04EC0-301F-11D3-BF4B-00C04F79EFBC}") = "ConsoleApp1", "ConsoleApp1.csproj", "{2D78F7C2-5274-48FC-9119-BDD1638B6A30}"
EndProject
Global
	GlobalSection(SolutionConfigurationPlatforms) = preSolution
		Debug|Any CPU = Debug|Any CPU
		Release|Any CPU = Release|Any CPU
	EndGlobalSection
	GlobalSection(ProjectConfigurationPlatforms) = postSolution
		{2D78F7C2-5274-48FC-9119-BDD1638B6A30}.Debug|Any CPU.ActiveCfg = Debug|Any CPU
		{2D78F7C2-5274-48FC-9119-BDD1638B6A30}.Debug|Any CPU.Build.0 = Debug|Any CPU
		{2D78F7C2-5274-48FC-9119-BDD1638B6A30}.Release|Any CPU.ActiveCfg = Release|Any CPU
		{2D78F7C2-5274-48FC-9119-BDD1638B6A30}.Release|Any CPU.Build.0 = Release|Any CPU
	EndGlobalSection
	GlobalSection(SolutionProperties) = preSolution
		HideSolutionNode = FALSE
	EndGlobalSection
	GlobalSection(ExtensibilityGlobals) = postSolution
		SolutionGuid = {F2E6C3C5-3606-4EFC-A590-AD53DBDCAEEF}
	EndGlobalSection
EndGlobal
