
Microsoft Visual Studio Solution File, Format Version 12.00
# Visual Studio Version 17
VisualStudioVersion = 17.7.34031.279
MinimumVisualStudioVersion = 10.0.40219.1
Project("{FAE04EC0-301F-11D3-BF4B-00C04F79EFBC}") = "Func2", "Func2.csproj", "{DB5CB9C4-6E13-4D40-A428-D8A2324A2DA5}"
EndProject
Global
	GlobalSection(SolutionConfigurationPlatforms) = preSolution
		Debug|Any CPU = Debug|Any CPU
		Release|Any CPU = Release|Any CPU
	EndGlobalSection
	GlobalSection(ProjectConfigurationPlatforms) = postSolution
		{DB5CB9C4-6E13-4D40-A428-D8A2324A2DA5}.Debug|Any CPU.ActiveCfg = Debug|Any CPU
		{DB5CB9C4-6E13-4D40-A428-D8A2324A2DA5}.Debug|Any CPU.Build.0 = Debug|Any CPU
		{DB5CB9C4-6E13-4D40-A428-D8A2324A2DA5}.Release|Any CPU.ActiveCfg = Release|Any CPU
		{DB5CB9C4-6E13-4D40-A428-D8A2324A2DA5}.Release|Any CPU.Build.0 = Release|Any CPU
	EndGlobalSection
	GlobalSection(SolutionProperties) = preSolution
		HideSolutionNode = FALSE
	EndGlobalSection
	GlobalSection(ExtensibilityGlobals) = postSolution
		SolutionGuid = {35DF1B32-D399-4404-A276-E7086BFE531F}
	EndGlobalSection
EndGlobal
